
Microsoft Visual Studio Solution File, Format Version 12.00
# Visual Studio 11
Project("{FAE04EC0-301F-11D3-BF4B-00C04F79EFBC}") = "libpdp11net", "libpdp11net\libpdp11net.csproj", "{244C03DB-8491-4530-8878-2889A83F2325}"
EndProject
Project("{FAE04EC0-301F-11D3-BF4B-00C04F79EFBC}") = "debug11", "debug11\debug11.csproj", "{22322B43-ED1E-4225-98F2-6F6F247852AC}"
EndProject
Global
	GlobalSection(SolutionConfigurationPlatforms) = preSolution
		Debug|Any CPU = Debug|Any CPU
		Release|Any CPU = Release|Any CPU
	EndGlobalSection
	GlobalSection(ProjectConfigurationPlatforms) = postSolution
		{22322B43-ED1E-4225-98F2-6F6F247852AC}.Debug|Any CPU.ActiveCfg = Debug|Any CPU
		{22322B43-ED1E-4225-98F2-6F6F247852AC}.Debug|Any CPU.Build.0 = Debug|Any CPU
		{22322B43-ED1E-4225-98F2-6F6F247852AC}.Release|Any CPU.ActiveCfg = Release|Any CPU
		{22322B43-ED1E-4225-98F2-6F6F247852AC}.Release|Any CPU.Build.0 = Release|Any CPU
		{244C03DB-8491-4530-8878-2889A83F2325}.Debug|Any CPU.ActiveCfg = Debug|Any CPU
		{244C03DB-8491-4530-8878-2889A83F2325}.Debug|Any CPU.Build.0 = Debug|Any CPU
		{244C03DB-8491-4530-8878-2889A83F2325}.Release|Any CPU.ActiveCfg = Release|Any CPU
		{244C03DB-8491-4530-8878-2889A83F2325}.Release|Any CPU.Build.0 = Release|Any CPU
	EndGlobalSection
	GlobalSection(SolutionProperties) = preSolution
		HideSolutionNode = FALSE
	EndGlobalSection
EndGlobal
